<?xml version="1.0" encoding="utf-8"?>
<Project ToolsVersion="4.0" xmlns="http://schemas.microsoft.com/developer/msbuild/2003">
  <ItemGroup>
    <Filter Include="Source Files">
      <UniqueIdentifier>{4FC737F1-C7A5-4376-A066-2A32D752A2FF}</UniqueIdentifier>
      <Extensions>cpp;c;cc;cxx;def;odl;idl;hpj;bat;asm;asmx</Extensions>
    </Filter>
    <Filter Include="Header Files">
      <UniqueIdentifier>{93995380-89BD-4b04-88EB-625FBE52EBFB}</UniqueIdentifier>
      <Extensions>h;hh;hpp;hxx;hm;inl;inc;xsd</Extensions>
    </Filter>
    <Filter Include="Resource Files">
      <UniqueIdentifier>{67DA6AB6-F800-4c08-8B7A-83BB121AAD01}</UniqueIdentifier>
      <Extensions>rc;ico;cur;bmp;dlg;rc2;rct;bin;rgs;gif;jpg;jpeg;jpe;resx;tiff;tif;png;wav;mfcribbon-ms</Extensions>
    </Filter>
    <Filter Include="Source Files\Engine">
      <UniqueIdentifier>{e948d1e5-3801-455c-9dd7-7296a96299e1}</UniqueIdentifier>
    </Filter>
    <Filter Include="Source Files\Engine\Graphics">
      <UniqueIdentifier>{ad66be4f-7089-4a1f-ba41-3ec7f9f0480e}</UniqueIdentifier>
    </Filter>
    <Filter Include="Source Files\Engine\Shaders">
      <UniqueIdentifier>{c9592438-82ee-40f6-929a-7c057607a2e6}</UniqueIdentifier>
    </Filter>
    <Filter Include="Source Files\Engine\Cameras">
      <UniqueIdentifier>{55ee89c9-c28e-4c6b-a875-f8d87c571d38}</UniqueIdentifier>
    </Filter>
    <Filter Include="Source Files\Engine\Input">
      <UniqueIdentifier>{c6e4aad5-bc64-444f-bb5f-fdf55f18a9d2}</UniqueIdentifier>
    </Filter>
    <Filter Include="Source Files\Engine\Objects">
      <UniqueIdentifier>{1a087f6f-b867-4cf2-85f4-fe7cd656ca87}</UniqueIdentifier>
    </Filter>
    <Filter Include="Source Files\Engine\Objects\Primitives">
      <UniqueIdentifier>{07524616-179a-443c-9b44-816f9d12dfbd}</UniqueIdentifier>
    </Filter>
    <Filter Include="Source Files\Engine\Utility">
      <UniqueIdentifier>{90221271-063c-4e23-92ea-7e0c32897280}</UniqueIdentifier>
    </Filter>
    <Filter Include="Source Files\Engine\Game">
      <UniqueIdentifier>{5b02449a-3f53-4d95-bae5-6f791a9cf392}</UniqueIdentifier>
    </Filter>
    <Filter Include="Source Files\Engine\Networking">
      <UniqueIdentifier>{cf1a23a7-022d-4bba-b928-025ec3ea17f5}</UniqueIdentifier>
    </Filter>
  </ItemGroup>
  <ItemGroup>
    <ClInclude Include="stdafx.h">
      <Filter>Header Files</Filter>
    </ClInclude>
    <ClInclude Include="targetver.h">
      <Filter>Header Files</Filter>
    </ClInclude>
    <ClInclude Include="CorrtexCube.h">
      <Filter>Header Files</Filter>
    </ClInclude>
    <ClInclude Include="LinkedList.h">
      <Filter>Header Files</Filter>
    </ClInclude>
    <ClInclude Include="CorrtexTetrahedron.h">
      <Filter>Header Files</Filter>
    </ClInclude>
    <ClInclude Include="CorrtexPrimitive.h">
      <Filter>Header Files</Filter>
    </ClInclude>
    <ClInclude Include="CorrtexObject.h">
      <Filter>Header Files</Filter>
    </ClInclude>
    <ClInclude Include="BMPLoader.h">
      <Filter>Header Files</Filter>
    </ClInclude>
    <ClInclude Include="SimpleUV.h">
      <Filter>Header Files</Filter>
    </ClInclude>
    <ClInclude Include="CorrtexCamera.h">
      <Filter>Header Files</Filter>
    </ClInclude>
    <ClInclude Include="InputManager.h">
      <Filter>Header Files</Filter>
    </ClInclude>
    <ClInclude Include="CorrtexFPSCamera.h">
      <Filter>Header Files</Filter>
    </ClInclude>
    <ClInclude Include="CorrtexRandom.h">
      <Filter>Header Files</Filter>
    </ClInclude>
    <ClInclude Include="ModelLoader.h">
      <Filter>Header Files</Filter>
    </ClInclude>
    <ClInclude Include="CorrtexDebug.h">
      <Filter>Header Files</Filter>
    </ClInclude>
    <ClInclude Include="CorrtexDelegate.h">
      <Filter>Header Files</Filter>
    </ClInclude>
    <ClInclude Include="Game.h">
      <Filter>Header Files</Filter>
    </ClInclude>
    <ClInclude Include="ShaderUniform.h">
      <Filter>Header Files</Filter>
    </ClInclude>
    <ClInclude Include="CorrtexQuad.h">
      <Filter>Header Files</Filter>
    </ClInclude>
    <ClInclude Include="GameEngine.h">
      <Filter>Header Files</Filter>
    </ClInclude>
    <ClInclude Include="CorrtexMesh.h">
      <Filter>Header Files</Filter>
    </ClInclude>
  </ItemGroup>
  <ItemGroup>
    <ClCompile Include="stdafx.cpp">
      <Filter>Source Files</Filter>
    </ClCompile>
    <ClCompile Include="CorrtexFPSCamera.cpp">
      <Filter>Source Files\Engine\Cameras</Filter>
    </ClCompile>
    <ClCompile Include="CorrtexCamera.cpp">
      <Filter>Source Files\Engine\Cameras</Filter>
    </ClCompile>
    <ClCompile Include="InputManager.cpp">
      <Filter>Source Files\Engine\Input</Filter>
    </ClCompile>
    <ClCompile Include="CorrtexTetrahedron.cpp">
      <Filter>Source Files\Engine\Objects\Primitives</Filter>
    </ClCompile>
    <ClCompile Include="CorrtexPrimitive.cpp">
      <Filter>Source Files\Engine\Objects\Primitives</Filter>
    </ClCompile>
    <ClCompile Include="CorrtexCube.cpp">
      <Filter>Source Files\Engine\Objects\Primitives</Filter>
    </ClCompile>
    <ClCompile Include="CorrtexObject.cpp">
      <Filter>Source Files\Engine\Objects</Filter>
    </ClCompile>
    <ClCompile Include="CorrtexRandom.cpp">
      <Filter>Source Files\Engine\Utility</Filter>
    </ClCompile>
    <ClCompile Include="CorrtexEngine.cpp">
      <Filter>Source Files\Engine\Game</Filter>
    </ClCompile>
    <ClCompile Include="CorrtexDelegate.cpp">
      <Filter>Source Files\Engine\Utility</Filter>
    </ClCompile>
    <ClCompile Include="CorrtexDebug.cpp">
      <Filter>Source Files\Engine\Utility</Filter>
    </ClCompile>
    <ClCompile Include="ModelLoader.cpp">
      <Filter>Source Files\Engine\Graphics</Filter>
    </ClCompile>
    <ClCompile Include="BMPLoader.cpp">
      <Filter>Source Files\Engine\Graphics</Filter>
    </ClCompile>
    <ClCompile Include="Game.cpp">
      <Filter>Source Files</Filter>
    </ClCompile>
    <ClCompile Include="CorrtexQuad.cpp">
      <Filter>Source Files\Engine\Objects\Primitives</Filter>
    </ClCompile>
    <ClCompile Include="ShaderUniform.cpp">
      <Filter>Source Files\Engine\Graphics</Filter>
    </ClCompile>
    <ClCompile Include="GameEngine.cpp">
      <Filter>Source Files\Engine\Game</Filter>
    </ClCompile>
    <ClCompile Include="CorrtexMesh.cpp">
      <Filter>Source Files</Filter>
    </ClCompile>
  </ItemGroup>
  <ItemGroup>
    <None Include="SimpleVertexShader.vertexshader">
      <Filter>Source Files\Engine\Shaders</Filter>
    </None>
    <None Include="SimpleFragmentShader.fragmentshader">
      <Filter>Source Files\Engine\Shaders</Filter>
    </None>
    <None Include="raymarch.vertexshader">
      <Filter>Source Files\Engine\Shaders</Filter>
    </None>
    <None Include="raymarchfrag.fragmentshader">
      <Filter>Source Files\Engine\Shaders</Filter>
    </None>
    <None Include="TexturedFragmentShader.fragmentshader">
      <Filter>Source Files\Engine\Shaders</Filter>
    </None>
    <None Include="TexturedVertexShader.vertexshader">
      <Filter>Source Files\Engine\Shaders</Filter>
    </None>
    <None Include="DiffuseVertexShader.vertexshader">
      <Filter>Source Files\Engine\Shaders</Filter>
    </None>
    <None Include="DiffuseFragmentShader.fragmentshader">
      <Filter>Source Files\Engine\Shaders</Filter>
    </None>
  </ItemGroup>
</Project>